
Microsoft Visual Studio Solution File, Format Version 12.00
# Visual Studio Version 16
VisualStudioVersion = 16.0.29806.167
MinimumVisualStudioVersion = 10.0.40219.1
Project("{9A19103F-16F7-4668-BE54-9A1E7A4F7556}") = "Calculadora.Lib", "Calculadora.Lib\Calculadora.Lib.csproj", "{9EF297A5-43FA-4EB5-AD98-D691F6ABA990}"
EndProject
Project("{9A19103F-16F7-4668-BE54-9A1E7A4F7556}") = "Calculadora.Lib.Tests.Unit", "Calculadora.Lib.Tests.Unit\Calculadora.Lib.Tests.Unit.csproj", "{9A8C6FBA-2501-4C3D-91E1-0AB51A5A0670}"
EndProject
Project("{2150E333-8FDC-42A3-9474-1A3956D46DE8}") = ".SolutionItems", ".SolutionItems", "{947EF260-E4B2-4B79-8C17-DE09115066D0}"
	ProjectSection(SolutionItems) = preProject
		..\README.md = ..\README.md
		..\Roteiro.md = ..\Roteiro.md
	EndProjectSection
EndProject
Global
	GlobalSection(SolutionConfigurationPlatforms) = preSolution
		Debug|Any CPU = Debug|Any CPU
		Release|Any CPU = Release|Any CPU
	EndGlobalSection
	GlobalSection(ProjectConfigurationPlatforms) = postSolution
		{9EF297A5-43FA-4EB5-AD98-D691F6ABA990}.Debug|Any CPU.ActiveCfg = Debug|Any CPU
		{9EF297A5-43FA-4EB5-AD98-D691F6ABA990}.Debug|Any CPU.Build.0 = Debug|Any CPU
		{9EF297A5-43FA-4EB5-AD98-D691F6ABA990}.Release|Any CPU.ActiveCfg = Release|Any CPU
		{9EF297A5-43FA-4EB5-AD98-D691F6ABA990}.Release|Any CPU.Build.0 = Release|Any CPU
		{9A8C6FBA-2501-4C3D-91E1-0AB51A5A0670}.Debug|Any CPU.ActiveCfg = Debug|Any CPU
		{9A8C6FBA-2501-4C3D-91E1-0AB51A5A0670}.Debug|Any CPU.Build.0 = Debug|Any CPU
		{9A8C6FBA-2501-4C3D-91E1-0AB51A5A0670}.Release|Any CPU.ActiveCfg = Release|Any CPU
		{9A8C6FBA-2501-4C3D-91E1-0AB51A5A0670}.Release|Any CPU.Build.0 = Release|Any CPU
	EndGlobalSection
	GlobalSection(SolutionProperties) = preSolution
		HideSolutionNode = FALSE
	EndGlobalSection
	GlobalSection(ExtensibilityGlobals) = postSolution
		SolutionGuid = {5E35C304-A150-456A-988B-2339687485E0}
	EndGlobalSection
EndGlobal
